{
  "version": 4,
  "terraform_version": "0.12.24",
  "serial": 21,
  "lineage": "67362fbe-2a21-d205-15e8-8b7b29696333",
  "outputs": {},
  "resources": [
    {
      "module": "module.ssh-node-init",
      "mode": "managed",
      "type": "null_resource",
      "name": "nodes",
      "each": "list",
      "provider": "provider.null",
      "instances": [
        {
          "index_key": 0,
          "schema_version": 0,
          "attributes": {
            "id": "5685004022595366948",
            "triggers": {
              "ip": "3.235.40.201",
              "name": "node1",
              "private_key": "-----BEGIN RSA PRIVATE KEY-----\r\nMIIEogIBAAKCAQEArqd14a9K5qkeH/DxADFTwXznk70EEFTQeYE/c+zkrwWx2/Aovh7C3itePNJo\r\ns+Y9CsRjDKwT/nmU9iIihxnKUNLKa4x1k5vO7R+FgdvTrBmI6DxdezEMhhmwOIKaDq6XL1+2fmiE\r\n/Vces8yVOym09f/9ts60If3BGAxSjTocq7m9sN8l/2rbPAtuyby17w9/qmAHs5ispnLPP3ePT5MS\r\nqwO5K+X0qR28MNTWPVmXWdt9IzCxkxNbkmcn/Ly8n2FVtvUtJyC6hFKkWejZU6nAciDhfLQz0RNs\r\n64itM3X8m7lsirI4nX63jkit8ve38B1d9ZYRhhvHQYukD8rkHLcCXQIDAQABAoIBABEeqRduL1Fc\r\n0m8fFwCF1UfqDmkU5gkTxzuhx659Ug016bE9YUEBkuhkJ+CeX1UDBIjBp1PeqjcPg+J8hhXoGUTC\r\n5MSWCBBn/WiQ5m1MNvtvpVPeVut0a13ZtsRTSPaXdopWP3U0mZSbrY7CRv59oBdc+Gmq6U1LqlnJ\r\nG25se9L5P8QS340KI4a3Opjy5OFmONisxrFAzHeg5uZIIYrX9TbisITuI8vTMQABUkVfdnIR5EVb\r\n2iFWsB+QvTqp6ydZ3KoMuYvtrbIcqk6hRvffbUh4zd7Q8ZfzCFNUrWRBtO0+7tW8OI++RJQbZG70\r\nbEwmVbNbG0apdZPD2pYO+W0og6ECgYEA/385jWBaSDNE2l1ac3XuqhVOGOmIYYOBioheZAfKtv9b\r\nICmdLCWXiKi60PXrxEd074/YEMBvccMSyLVV5Rbw2CE4f6aO7fULuCDUOm32ikw92uaUIlU2y/Hw\r\n7FA7hADaQamaqlx8JTTEoN1MH3Lgyy0BEVKXSx8mSwu3eRYsEDMCgYEArv99SEk9LzbkfrzSkLpc\r\nCt3aKs2XPReSASlE2i9+ZKSmEit2qYLtTTo4iP9PYsqn+VyBxjwhyGevCldgO+fhgZLP+0O1cMCY\r\n/4np/yFhZGDxHoMLVGWuEoja/g+UAg0rMvtuVp+920LhwhJyuAcsjzWUvItRoEUWqzD3EKOi0y8C\r\ngYBbCcJAFe0VfO8zv7/TFFqOUDkbt1rZJDqsWhsIGZ6pxiN6Olm+uUZdc4Hdo0L3FV8dXWvnzCnp\r\np1CyI6sPjjUTTgMLuRWExKQAX/I/P59xd+kybqap9SMpWHQ4P/508rjSXNS3j2zM9Rh7GV9edViU\r\nDN0shvlR0y+Z3frqMnRQ8QKBgAQEGPvvslfDCrtd2fc4T6RwMvGIhlAAmnksWUgojt4AaU9BcBez\r\nyX5cN6/tLAU4YWJ3nQLPnnba6klyd+LoD2TJ2bwKcb+Eq/4xTA1u1q1XDDGHEFt/ed8zBNOPx/XE\r\nF5mz63RRdinx/vxVMAzJHVyr/h3VlKn46+xB02muV65BAoGAKODyozQFM6LKFuCmrcunbodlDoCM\r\nSm95w263ygK1Vba81vQOvoanCVci37mNSF/YI7O1gsmR2eFL4BDRyNNZGmVZejBFtbQE5I+tnel9\r\nvpw03DB+SohBksiGPc45XAGxLqtcagY2xaergFVrYS/oCFSYQnbuzA0knp+u2ipxwwA=\r\n-----END RSA PRIVATE KEY-----",
              "script": "#!/bin/bash\necho \"Node config started.\"\n\n# get docker\nsudo apt-get -qq update\nsudo apt-get -qq install docker.io -y\n# add ubuntu to docker user\nsudo usermod -aG docker ubuntu\n\necho \"Node config complete.\""
            }
          },
          "dependencies": [
            "module.ssh-rke-config.rancher2_cluster.rke-cluster"
          ]
        },
        {
          "index_key": 1,
          "schema_version": 0,
          "attributes": {
            "id": "8064884321894866593",
            "triggers": {
              "ip": "3.235.144.146",
              "name": "node2",
              "private_key": "-----BEGIN RSA PRIVATE KEY-----\r\nMIIEogIBAAKCAQEArqd14a9K5qkeH/DxADFTwXznk70EEFTQeYE/c+zkrwWx2/Aovh7C3itePNJo\r\ns+Y9CsRjDKwT/nmU9iIihxnKUNLKa4x1k5vO7R+FgdvTrBmI6DxdezEMhhmwOIKaDq6XL1+2fmiE\r\n/Vces8yVOym09f/9ts60If3BGAxSjTocq7m9sN8l/2rbPAtuyby17w9/qmAHs5ispnLPP3ePT5MS\r\nqwO5K+X0qR28MNTWPVmXWdt9IzCxkxNbkmcn/Ly8n2FVtvUtJyC6hFKkWejZU6nAciDhfLQz0RNs\r\n64itM3X8m7lsirI4nX63jkit8ve38B1d9ZYRhhvHQYukD8rkHLcCXQIDAQABAoIBABEeqRduL1Fc\r\n0m8fFwCF1UfqDmkU5gkTxzuhx659Ug016bE9YUEBkuhkJ+CeX1UDBIjBp1PeqjcPg+J8hhXoGUTC\r\n5MSWCBBn/WiQ5m1MNvtvpVPeVut0a13ZtsRTSPaXdopWP3U0mZSbrY7CRv59oBdc+Gmq6U1LqlnJ\r\nG25se9L5P8QS340KI4a3Opjy5OFmONisxrFAzHeg5uZIIYrX9TbisITuI8vTMQABUkVfdnIR5EVb\r\n2iFWsB+QvTqp6ydZ3KoMuYvtrbIcqk6hRvffbUh4zd7Q8ZfzCFNUrWRBtO0+7tW8OI++RJQbZG70\r\nbEwmVbNbG0apdZPD2pYO+W0og6ECgYEA/385jWBaSDNE2l1ac3XuqhVOGOmIYYOBioheZAfKtv9b\r\nICmdLCWXiKi60PXrxEd074/YEMBvccMSyLVV5Rbw2CE4f6aO7fULuCDUOm32ikw92uaUIlU2y/Hw\r\n7FA7hADaQamaqlx8JTTEoN1MH3Lgyy0BEVKXSx8mSwu3eRYsEDMCgYEArv99SEk9LzbkfrzSkLpc\r\nCt3aKs2XPReSASlE2i9+ZKSmEit2qYLtTTo4iP9PYsqn+VyBxjwhyGevCldgO+fhgZLP+0O1cMCY\r\n/4np/yFhZGDxHoMLVGWuEoja/g+UAg0rMvtuVp+920LhwhJyuAcsjzWUvItRoEUWqzD3EKOi0y8C\r\ngYBbCcJAFe0VfO8zv7/TFFqOUDkbt1rZJDqsWhsIGZ6pxiN6Olm+uUZdc4Hdo0L3FV8dXWvnzCnp\r\np1CyI6sPjjUTTgMLuRWExKQAX/I/P59xd+kybqap9SMpWHQ4P/508rjSXNS3j2zM9Rh7GV9edViU\r\nDN0shvlR0y+Z3frqMnRQ8QKBgAQEGPvvslfDCrtd2fc4T6RwMvGIhlAAmnksWUgojt4AaU9BcBez\r\nyX5cN6/tLAU4YWJ3nQLPnnba6klyd+LoD2TJ2bwKcb+Eq/4xTA1u1q1XDDGHEFt/ed8zBNOPx/XE\r\nF5mz63RRdinx/vxVMAzJHVyr/h3VlKn46+xB02muV65BAoGAKODyozQFM6LKFuCmrcunbodlDoCM\r\nSm95w263ygK1Vba81vQOvoanCVci37mNSF/YI7O1gsmR2eFL4BDRyNNZGmVZejBFtbQE5I+tnel9\r\nvpw03DB+SohBksiGPc45XAGxLqtcagY2xaergFVrYS/oCFSYQnbuzA0knp+u2ipxwwA=\r\n-----END RSA PRIVATE KEY-----",
              "script": "#!/bin/bash\necho \"Node config started.\"\n\n# get docker\nsudo apt-get -qq update\nsudo apt-get -qq install docker.io -y\n# add ubuntu to docker user\nsudo usermod -aG docker ubuntu\n\necho \"Node config complete.\""
            }
          },
          "dependencies": [
            "module.ssh-rke-config.rancher2_cluster.rke-cluster"
          ]
        },
        {
          "index_key": 2,
          "schema_version": 0,
          "attributes": {
            "id": "3286573237379412820",
            "triggers": {
              "ip": "35.175.106.76",
              "name": "node3",
              "private_key": "-----BEGIN RSA PRIVATE KEY-----\r\nMIIEogIBAAKCAQEArqd14a9K5qkeH/DxADFTwXznk70EEFTQeYE/c+zkrwWx2/Aovh7C3itePNJo\r\ns+Y9CsRjDKwT/nmU9iIihxnKUNLKa4x1k5vO7R+FgdvTrBmI6DxdezEMhhmwOIKaDq6XL1+2fmiE\r\n/Vces8yVOym09f/9ts60If3BGAxSjTocq7m9sN8l/2rbPAtuyby17w9/qmAHs5ispnLPP3ePT5MS\r\nqwO5K+X0qR28MNTWPVmXWdt9IzCxkxNbkmcn/Ly8n2FVtvUtJyC6hFKkWejZU6nAciDhfLQz0RNs\r\n64itM3X8m7lsirI4nX63jkit8ve38B1d9ZYRhhvHQYukD8rkHLcCXQIDAQABAoIBABEeqRduL1Fc\r\n0m8fFwCF1UfqDmkU5gkTxzuhx659Ug016bE9YUEBkuhkJ+CeX1UDBIjBp1PeqjcPg+J8hhXoGUTC\r\n5MSWCBBn/WiQ5m1MNvtvpVPeVut0a13ZtsRTSPaXdopWP3U0mZSbrY7CRv59oBdc+Gmq6U1LqlnJ\r\nG25se9L5P8QS340KI4a3Opjy5OFmONisxrFAzHeg5uZIIYrX9TbisITuI8vTMQABUkVfdnIR5EVb\r\n2iFWsB+QvTqp6ydZ3KoMuYvtrbIcqk6hRvffbUh4zd7Q8ZfzCFNUrWRBtO0+7tW8OI++RJQbZG70\r\nbEwmVbNbG0apdZPD2pYO+W0og6ECgYEA/385jWBaSDNE2l1ac3XuqhVOGOmIYYOBioheZAfKtv9b\r\nICmdLCWXiKi60PXrxEd074/YEMBvccMSyLVV5Rbw2CE4f6aO7fULuCDUOm32ikw92uaUIlU2y/Hw\r\n7FA7hADaQamaqlx8JTTEoN1MH3Lgyy0BEVKXSx8mSwu3eRYsEDMCgYEArv99SEk9LzbkfrzSkLpc\r\nCt3aKs2XPReSASlE2i9+ZKSmEit2qYLtTTo4iP9PYsqn+VyBxjwhyGevCldgO+fhgZLP+0O1cMCY\r\n/4np/yFhZGDxHoMLVGWuEoja/g+UAg0rMvtuVp+920LhwhJyuAcsjzWUvItRoEUWqzD3EKOi0y8C\r\ngYBbCcJAFe0VfO8zv7/TFFqOUDkbt1rZJDqsWhsIGZ6pxiN6Olm+uUZdc4Hdo0L3FV8dXWvnzCnp\r\np1CyI6sPjjUTTgMLuRWExKQAX/I/P59xd+kybqap9SMpWHQ4P/508rjSXNS3j2zM9Rh7GV9edViU\r\nDN0shvlR0y+Z3frqMnRQ8QKBgAQEGPvvslfDCrtd2fc4T6RwMvGIhlAAmnksWUgojt4AaU9BcBez\r\nyX5cN6/tLAU4YWJ3nQLPnnba6klyd+LoD2TJ2bwKcb+Eq/4xTA1u1q1XDDGHEFt/ed8zBNOPx/XE\r\nF5mz63RRdinx/vxVMAzJHVyr/h3VlKn46+xB02muV65BAoGAKODyozQFM6LKFuCmrcunbodlDoCM\r\nSm95w263ygK1Vba81vQOvoanCVci37mNSF/YI7O1gsmR2eFL4BDRyNNZGmVZejBFtbQE5I+tnel9\r\nvpw03DB+SohBksiGPc45XAGxLqtcagY2xaergFVrYS/oCFSYQnbuzA0knp+u2ipxwwA=\r\n-----END RSA PRIVATE KEY-----",
              "script": "#!/bin/bash\necho \"Node config started.\"\n\n# get docker\nsudo apt-get -qq update\nsudo apt-get -qq install docker.io -y\n# add ubuntu to docker user\nsudo usermod -aG docker ubuntu\n\necho \"Node config complete.\""
            }
          },
          "dependencies": [
            "module.ssh-rke-config.rancher2_cluster.rke-cluster"
          ]
        }
      ]
    },
    {
      "module": "module.ssh-rke-config",
      "mode": "managed",
      "type": "rancher2_cluster",
      "name": "rke-cluster",
      "provider": "module.ssh-rke-config.provider.rancher2",
      "instances": [
        {
          "schema_version": 0,
          "attributes": {
            "aks_config": [],
            "annotations": {
              "authz.management.cattle.io/creator-role-bindings": "{\"created\":[\"cluster-owner\"],\"required\":[\"cluster-owner\"]}",
              "lifecycle.cattle.io/create.cluster-agent-controller-cleanup": "true",
              "lifecycle.cattle.io/create.cluster-scoped-gc": "true",
              "lifecycle.cattle.io/create.mgmt-cluster-rbac-remove": "true"
            },
            "cluster_auth_endpoint": [
              {
                "ca_certs": "",
                "enabled": false,
                "fqdn": ""
              }
            ],
            "cluster_monitoring_input": [
              {
                "answers": null,
                "version": null
              }
            ],
            "cluster_registration_token": [
              {
                "annotations": {},
                "cluster_id": "c-xhmbg",
                "command": "kubectl apply -f https://mikhail.simpleblocks.net/v3/import/vzstg5xvfrb7z94n8t9dhmszdjwhmj75sx8xm64pm85q7284284rlf.yaml",
                "id": "c-xhmbg:system",
                "insecure_command": "curl --insecure -sfL https://mikhail.simpleblocks.net/v3/import/vzstg5xvfrb7z94n8t9dhmszdjwhmj75sx8xm64pm85q7284284rlf.yaml | kubectl apply -f -",
                "labels": {
                  "cattle.io/creator": "norman"
                },
                "manifest_url": "https://mikhail.simpleblocks.net/v3/import/vzstg5xvfrb7z94n8t9dhmszdjwhmj75sx8xm64pm85q7284284rlf.yaml",
                "name": "system",
                "node_command": "sudo docker run -d --privileged --restart=unless-stopped --net=host -v /etc/kubernetes:/etc/kubernetes -v /var/run:/var/run rancher/rancher-agent:v2.4.5 --server https://mikhail.simpleblocks.net --token vzstg5xvfrb7z94n8t9dhmszdjwhmj75sx8xm64pm85q7284284rlf --ca-checksum 2409c6ba811bfb3088a202535370362a4b0e34bb751cde570c5d7b0acedf6456",
                "token": "vzstg5xvfrb7z94n8t9dhmszdjwhmj75sx8xm64pm85q7284284rlf",
                "windows_node_command": "PowerShell -NoLogo -NonInteractive -Command \"\u0026 {docker run -v c:/:c:/host rancher/rancher-agent:v2.4.5 bootstrap --server https://mikhail.simpleblocks.net --token vzstg5xvfrb7z94n8t9dhmszdjwhmj75sx8xm64pm85q7284284rlf --ca-checksum 2409c6ba811bfb3088a202535370362a4b0e34bb751cde570c5d7b0acedf6456 | iex}\""
              }
            ],
            "cluster_template_answers": [],
            "cluster_template_id": null,
            "cluster_template_questions": [],
            "cluster_template_revision_id": null,
            "default_pod_security_policy_template_id": null,
            "default_project_id": "c-xhmbg:p-b96mk",
            "description": "A Kubernetes Cluster.",
            "desired_agent_image": null,
            "desired_auth_image": null,
            "docker_root_dir": "/var/lib/docker",
            "driver": "rancherKubernetesEngine",
            "eks_config": [],
            "enable_cluster_alerting": false,
            "enable_cluster_istio": false,
            "enable_cluster_monitoring": false,
            "enable_network_policy": false,
            "gke_config": [],
            "id": "c-xhmbg",
            "k3s_config": [],
            "kube_config": "apiVersion: v1\nkind: Config\nclusters:\n- name: \"rke1\"\n  cluster:\n    server: \"https://mikhail.simpleblocks.net/k8s/clusters/c-xhmbg\"\n    certificate-authority-data: \"LS0tLS1CRUdJTiBDRVJUSUZJQ0FURS0tLS0tCk1JSUJpRENDQ\\\n      VM2Z0F3SUJBZ0lCQURBS0JnZ3Foa2pPUFFRREFqQTdNUnd3R2dZRFZRUUtFeE5rZVc1aGJXbGoKY\\\n      kdsemRHVnVaWEl0YjNKbk1Sc3dHUVlEVlFRREV4SmtlVzVoYldsamJHbHpkR1Z1WlhJdFkyRXdIa\\\n      GNOTWpBdwpOakkxTVRreU9EVTVXaGNOTXpBd05qSXpNVGt5T0RVNVdqQTdNUnd3R2dZRFZRUUtFe\\\n      E5rZVc1aGJXbGpiR2x6CmRHVnVaWEl0YjNKbk1Sc3dHUVlEVlFRREV4SmtlVzVoYldsamJHbHpkR\\\n      1Z1WlhJdFkyRXdXVEFUQmdjcWhrak8KUFFJQkJnZ3Foa2pPUFFNQkJ3TkNBQVFPMGl2OGJDRGJib\\\n      mhRSFlFMnkrQ0FDRkJqdlJ4SkgzZFN1T0p4czJUcwpwVWFVOXpiYml0d3gzUDNyR2tDc1VmZk1HW\\\n      nBPNGlzQldnOEp0MXpCV3NDYm95TXdJVEFPQmdOVkhROEJBZjhFCkJBTUNBcVF3RHdZRFZSMFRBU\\\n      UgvQkFVd0F3RUIvekFLQmdncWhrak9QUVFEQWdOSUFEQkZBaUJSSkM2N3JxZHkKSDRwZnJJV2hJW\\\n      U1rWlpnRkhBSDdXNVliOGZiZFg2aHBnQUloQUxBM1hKd3hCYytUKzluRFdLUlY3ODc3V2FrbAple\\\n      nBmS1QxaURSVVVURk9QCi0tLS0tRU5EIENFUlRJRklDQVRFLS0tLS0=\"\n\nusers:\n- name: \"rke1\"\n  user:\n    token: \"kubeconfig-user-kckhv:c8v29td9nxsgh6fhsmhcsznpc2xr7dcp6fwj54p2xggsjrdb4nrd8w\"\n\ncontexts:\n- name: \"rke1\"\n  context:\n    user: \"rke1\"\n    cluster: \"rke1\"\n\ncurrent-context: \"rke1\"\n",
            "labels": {
              "cattle.io/creator": "norman"
            },
            "name": "rke1",
            "rke_config": [
              {
                "addon_job_timeout": 30,
                "addons": "",
                "addons_include": [],
                "authentication": [
                  {
                    "sans": [],
                    "strategy": "x509"
                  }
                ],
                "authorization": [
                  {
                    "mode": null,
                    "options": null
                  }
                ],
                "bastion_host": [
                  {
                    "address": "",
                    "port": "",
                    "ssh_agent_auth": false,
                    "ssh_key": "",
                    "ssh_key_path": "",
                    "user": ""
                  }
                ],
                "cloud_provider": [
                  {
                    "aws_cloud_provider": [],
                    "azure_cloud_provider": [],
                    "custom_cloud_provider": "",
                    "name": "",
                    "openstack_cloud_provider": [],
                    "vsphere_cloud_provider": []
                  }
                ],
                "dns": [],
                "ignore_docker_version": true,
                "ingress": [
                  {
                    "dns_policy": "",
                    "extra_args": {},
                    "node_selector": {},
                    "options": {},
                    "provider": "nginx"
                  }
                ],
                "kubernetes_version": "v1.18.3-rancher2-2",
                "monitoring": [
                  {
                    "options": {},
                    "provider": "metrics-server"
                  }
                ],
                "network": [
                  {
                    "calico_network_provider": [],
                    "canal_network_provider": [],
                    "flannel_network_provider": [],
                    "mtu": 0,
                    "options": {},
                    "plugin": "canal",
                    "weave_network_provider": []
                  }
                ],
                "nodes": [],
                "prefix_path": "",
                "private_registries": [],
                "services": [
                  {
                    "etcd": [
                      {
                        "backup_config": [
                          {
                            "enabled": true,
                            "interval_hours": 12,
                            "retention": 6,
                            "s3_backup_config": [],
                            "safe_timestamp": false
                          }
                        ],
                        "ca_cert": "",
                        "cert": "",
                        "creation": "6h",
                        "external_urls": [],
                        "extra_args": {
                          "election-timeout": "5000",
                          "heartbeat-interval": "500"
                        },
                        "extra_binds": [],
                        "extra_env": [],
                        "gid": 0,
                        "image": "",
                        "key": "",
                        "path": "",
                        "retention": "24h",
                        "snapshot": false,
                        "uid": 0
                      }
                    ],
                    "kube_api": [
                      {
                        "admission_configuration": {},
                        "always_pull_images": false,
                        "audit_log": [],
                        "event_rate_limit": [],
                        "extra_args": {},
                        "extra_binds": [],
                        "extra_env": [],
                        "image": "",
                        "pod_security_policy": false,
                        "secrets_encryption_config": [],
                        "service_cluster_ip_range": "",
                        "service_node_port_range": "30000-32767"
                      }
                    ],
                    "kube_controller": [
                      {
                        "cluster_cidr": null,
                        "extra_args": null,
                        "extra_binds": null,
                        "extra_env": null,
                        "image": null,
                        "service_cluster_ip_range": null
                      }
                    ],
                    "kubelet": [
                      {
                        "cluster_dns_server": "",
                        "cluster_domain": "",
                        "extra_args": {},
                        "extra_binds": [],
                        "extra_env": [],
                        "fail_swap_on": false,
                        "generate_serving_certificate": false,
                        "image": "",
                        "infra_container_image": ""
                      }
                    ],
                    "kubeproxy": [
                      {
                        "extra_args": null,
                        "extra_binds": null,
                        "extra_env": null,
                        "image": null
                      }
                    ],
                    "scheduler": [
                      {
                        "extra_args": null,
                        "extra_binds": null,
                        "extra_env": null,
                        "image": null
                      }
                    ]
                  }
                ],
                "ssh_agent_auth": false,
                "ssh_cert_path": "",
                "ssh_key_path": "",
                "upgrade_strategy": [
                  {
                    "drain": false,
                    "drain_input": [
                      {
                        "delete_local_data": false,
                        "force": false,
                        "grace_period": -1,
                        "ignore_daemon_sets": true,
                        "timeout": 120
                      }
                    ],
                    "max_unavailable_controlplane": "1",
                    "max_unavailable_worker": "10%"
                  }
                ]
              }
            ],
            "scheduled_cluster_scan": [],
            "system_project_id": "c-xhmbg:p-94gmd",
            "timeouts": null,
            "windows_prefered_cluster": false
          },
          "private": "eyJlMmJmYjczMC1lY2FhLTExZTYtOGY4OC0zNDM2M2JjN2M0YzAiOnsiY3JlYXRlIjoxODAwMDAwMDAwMDAwLCJkZWxldGUiOjE4MDAwMDAwMDAwMDAsInVwZGF0ZSI6MTgwMDAwMDAwMDAwMH19"
        }
      ]
    }
  ]
}
